Microsoft Visual Studio Solution File, Format Version 12.00
# Visual Studio 14
VisualStudioVersion = 14.0.25420.1
MinimumVisualStudioVersion = 10.0.40219.1
Project("{8BC9CEB8-8B4A-11D0-8D11-00A0C91BC942}") = "T4C Server", "T4C Server\T4C Server.vcxproj", "{04A700FE-161C-43CC-BB40-6AF5C0481633}"
	ProjectSection(ProjectDependencies) = postProject
		{434D2E0D-756D-4089-BD60-7524E4539924} = {434D2E0D-756D-4089-BD60-7524E4539924}
	EndProjectSection
EndProject
Project("{8BC9CEB8-8B4A-11D0-8D11-00A0C91BC942}") = "NPC AddOn", "NPC ADDON\NPC AddOn.vcxproj", "{514EE330-FA20-4D4A-9059-ED21AD7CFCEC}"
EndProject
Project("{8BC9CEB8-8B4A-11D0-8D11-00A0C91BC942}") = "NPC Arakas", "NPC Arakas\NPC Arakas.vcxproj", "{3669FD83-4155-49FB-8C55-C0AD0BF62736}"
EndProject
Project("{8BC9CEB8-8B4A-11D0-8D11-00A0C91BC942}") = "NPC RavensDust", "NPC RavensDust\NPC RavensDust.vcxproj", "{3181AC08-ECF8-4D5B-A416-9F40FE0FEFE8}"
EndProject
Project("{8BC9CEB8-8B4A-11D0-8D11-00A0C91BC942}") = "NPC Remort", "NPC Remort\NPC Remort.vcxproj", "{FFCBF87C-6FB6-4AED-9F99-E47D35F13E1A}"
EndProject
Project("{8BC9CEB8-8B4A-11D0-8D11-00A0C91BC942}") = "NPC Stoneheim", "NPC Stoneheim\NPC Stoneheim.vcxproj", "{80754A2B-AEFC-4D4E-B6FD-8F312851B432}"
EndProject
Project("{8BC9CEB8-8B4A-11D0-8D11-00A0C91BC942}") = "NPC WindHowl", "NPC WindHowl\NPC WindHowl.vcxproj", "{F8ACF726-5330-4613-ACB0-2B229DC58D04}"
EndProject
Project("{8BC9CEB8-8B4A-11D0-8D11-00A0C91BC942}") = "NPCs", "NPCs\NPCs.vcxproj", "{9E7A82D8-6307-4421-81CC-AD21B5DD66A8}"
EndProject
Project("{8BC9CEB8-8B4A-11D0-8D11-00A0C91BC942}") = "gameops", "GameOps\GameOps.vcxproj", "{A54CF19B-5594-4A12-8120-1131F13D03A0}"
EndProject
Project("{8BC9CEB8-8B4A-11D0-8D11-00A0C91BC942}") = "Crypto", "Crypto\Crypto.vcxproj", "{434D2E0D-756D-4089-BD60-7524E4539924}"
EndProject
Global
	GlobalSection(SolutionConfigurationPlatforms) = preSolution
		ClientDLL|Win32 = ClientDLL|Win32
		Debug|Win32 = Debug|Win32
		Release|Win32 = Release|Win32
		ServerDLL|Win32 = ServerDLL|Win32
	EndGlobalSection
	GlobalSection(ProjectConfigurationPlatforms) = postSolution
		{04A700FE-161C-43CC-BB40-6AF5C0481633}.ClientDLL|Win32.ActiveCfg = Debug|Win32
		{04A700FE-161C-43CC-BB40-6AF5C0481633}.ClientDLL|Win32.Build.0 = Debug|Win32
		{04A700FE-161C-43CC-BB40-6AF5C0481633}.Debug|Win32.ActiveCfg = Debug|Win32
		{04A700FE-161C-43CC-BB40-6AF5C0481633}.Debug|Win32.Build.0 = Debug|Win32
		{04A700FE-161C-43CC-BB40-6AF5C0481633}.Release|Win32.ActiveCfg = Release|Win32
		{04A700FE-161C-43CC-BB40-6AF5C0481633}.Release|Win32.Build.0 = Release|Win32
		{04A700FE-161C-43CC-BB40-6AF5C0481633}.ServerDLL|Win32.ActiveCfg = Debug|Win32
		{04A700FE-161C-43CC-BB40-6AF5C0481633}.ServerDLL|Win32.Build.0 = Debug|Win32
		{514EE330-FA20-4D4A-9059-ED21AD7CFCEC}.ClientDLL|Win32.ActiveCfg = Debug|Win32
		{514EE330-FA20-4D4A-9059-ED21AD7CFCEC}.ClientDLL|Win32.Build.0 = Debug|Win32
		{514EE330-FA20-4D4A-9059-ED21AD7CFCEC}.Debug|Win32.ActiveCfg = Debug|Win32
		{514EE330-FA20-4D4A-9059-ED21AD7CFCEC}.Debug|Win32.Build.0 = Debug|Win32
		{514EE330-FA20-4D4A-9059-ED21AD7CFCEC}.Release|Win32.ActiveCfg = Release|Win32
		{514EE330-FA20-4D4A-9059-ED21AD7CFCEC}.Release|Win32.Build.0 = Release|Win32
		{514EE330-FA20-4D4A-9059-ED21AD7CFCEC}.ServerDLL|Win32.ActiveCfg = Debug|Win32
		{514EE330-FA20-4D4A-9059-ED21AD7CFCEC}.ServerDLL|Win32.Build.0 = Debug|Win32
		{3669FD83-4155-49FB-8C55-C0AD0BF62736}.ClientDLL|Win32.ActiveCfg = Debug|Win32
		{3669FD83-4155-49FB-8C55-C0AD0BF62736}.ClientDLL|Win32.Build.0 = Debug|Win32
		{3669FD83-4155-49FB-8C55-C0AD0BF62736}.Debug|Win32.ActiveCfg = Debug|Win32
		{3669FD83-4155-49FB-8C55-C0AD0BF62736}.Debug|Win32.Build.0 = Debug|Win32
		{3669FD83-4155-49FB-8C55-C0AD0BF62736}.Release|Win32.ActiveCfg = Release|Win32
		{3669FD83-4155-49FB-8C55-C0AD0BF62736}.Release|Win32.Build.0 = Release|Win32
		{3669FD83-4155-49FB-8C55-C0AD0BF62736}.ServerDLL|Win32.ActiveCfg = Debug|Win32
		{3669FD83-4155-49FB-8C55-C0AD0BF62736}.ServerDLL|Win32.Build.0 = Debug|Win32
		{3181AC08-ECF8-4D5B-A416-9F40FE0FEFE8}.ClientDLL|Win32.ActiveCfg = Release|Win32
		{3181AC08-ECF8-4D5B-A416-9F40FE0FEFE8}.ClientDLL|Win32.Build.0 = Release|Win32
		{3181AC08-ECF8-4D5B-A416-9F40FE0FEFE8}.Debug|Win32.ActiveCfg = Debug|Win32
		{3181AC08-ECF8-4D5B-A416-9F40FE0FEFE8}.Debug|Win32.Build.0 = Debug|Win32
		{3181AC08-ECF8-4D5B-A416-9F40FE0FEFE8}.Release|Win32.ActiveCfg = Release|Win32
		{3181AC08-ECF8-4D5B-A416-9F40FE0FEFE8}.Release|Win32.Build.0 = Release|Win32
		{3181AC08-ECF8-4D5B-A416-9F40FE0FEFE8}.ServerDLL|Win32.ActiveCfg = Release|Win32
		{3181AC08-ECF8-4D5B-A416-9F40FE0FEFE8}.ServerDLL|Win32.Build.0 = Release|Win32
		{FFCBF87C-6FB6-4AED-9F99-E47D35F13E1A}.ClientDLL|Win32.ActiveCfg = Release|Win32
		{FFCBF87C-6FB6-4AED-9F99-E47D35F13E1A}.ClientDLL|Win32.Build.0 = Release|Win32
		{FFCBF87C-6FB6-4AED-9F99-E47D35F13E1A}.Debug|Win32.ActiveCfg = Debug|Win32
		{FFCBF87C-6FB6-4AED-9F99-E47D35F13E1A}.Debug|Win32.Build.0 = Debug|Win32
		{FFCBF87C-6FB6-4AED-9F99-E47D35F13E1A}.Release|Win32.ActiveCfg = Release|Win32
		{FFCBF87C-6FB6-4AED-9F99-E47D35F13E1A}.Release|Win32.Build.0 = Release|Win32
		{FFCBF87C-6FB6-4AED-9F99-E47D35F13E1A}.ServerDLL|Win32.ActiveCfg = Release|Win32
		{FFCBF87C-6FB6-4AED-9F99-E47D35F13E1A}.ServerDLL|Win32.Build.0 = Release|Win32
		{80754A2B-AEFC-4D4E-B6FD-8F312851B432}.ClientDLL|Win32.ActiveCfg = Release|Win32
		{80754A2B-AEFC-4D4E-B6FD-8F312851B432}.ClientDLL|Win32.Build.0 = Release|Win32
		{80754A2B-AEFC-4D4E-B6FD-8F312851B432}.Debug|Win32.ActiveCfg = Debug|Win32
		{80754A2B-AEFC-4D4E-B6FD-8F312851B432}.Debug|Win32.Build.0 = Debug|Win32
		{80754A2B-AEFC-4D4E-B6FD-8F312851B432}.Release|Win32.ActiveCfg = Release|Win32
		{80754A2B-AEFC-4D4E-B6FD-8F312851B432}.Release|Win32.Build.0 = Release|Win32
		{80754A2B-AEFC-4D4E-B6FD-8F312851B432}.ServerDLL|Win32.ActiveCfg = Release|Win32
		{80754A2B-AEFC-4D4E-B6FD-8F312851B432}.ServerDLL|Win32.Build.0 = Release|Win32
		{F8ACF726-5330-4613-ACB0-2B229DC58D04}.ClientDLL|Win32.ActiveCfg = Release|Win32
		{F8ACF726-5330-4613-ACB0-2B229DC58D04}.ClientDLL|Win32.Build.0 = Release|Win32
		{F8ACF726-5330-4613-ACB0-2B229DC58D04}.Debug|Win32.ActiveCfg = Debug|Win32
		{F8ACF726-5330-4613-ACB0-2B229DC58D04}.Debug|Win32.Build.0 = Debug|Win32
		{F8ACF726-5330-4613-ACB0-2B229DC58D04}.Release|Win32.ActiveCfg = Release|Win32
		{F8ACF726-5330-4613-ACB0-2B229DC58D04}.Release|Win32.Build.0 = Release|Win32
		{F8ACF726-5330-4613-ACB0-2B229DC58D04}.ServerDLL|Win32.ActiveCfg = Release|Win32
		{F8ACF726-5330-4613-ACB0-2B229DC58D04}.ServerDLL|Win32.Build.0 = Release|Win32
		{9E7A82D8-6307-4421-81CC-AD21B5DD66A8}.ClientDLL|Win32.ActiveCfg = Debug|Win32
		{9E7A82D8-6307-4421-81CC-AD21B5DD66A8}.ClientDLL|Win32.Build.0 = Debug|Win32
		{9E7A82D8-6307-4421-81CC-AD21B5DD66A8}.Debug|Win32.ActiveCfg = Debug|Win32
		{9E7A82D8-6307-4421-81CC-AD21B5DD66A8}.Debug|Win32.Build.0 = Debug|Win32
		{9E7A82D8-6307-4421-81CC-AD21B5DD66A8}.Release|Win32.ActiveCfg = Release|Win32
		{9E7A82D8-6307-4421-81CC-AD21B5DD66A8}.Release|Win32.Build.0 = Release|Win32
		{9E7A82D8-6307-4421-81CC-AD21B5DD66A8}.ServerDLL|Win32.ActiveCfg = Debug|Win32
		{9E7A82D8-6307-4421-81CC-AD21B5DD66A8}.ServerDLL|Win32.Build.0 = Debug|Win32
		{A54CF19B-5594-4A12-8120-1131F13D03A0}.ClientDLL|Win32.ActiveCfg = Release|Win32
		{A54CF19B-5594-4A12-8120-1131F13D03A0}.ClientDLL|Win32.Build.0 = Release|Win32
		{A54CF19B-5594-4A12-8120-1131F13D03A0}.Debug|Win32.ActiveCfg = Debug|Win32
		{A54CF19B-5594-4A12-8120-1131F13D03A0}.Debug|Win32.Build.0 = Debug|Win32
		{A54CF19B-5594-4A12-8120-1131F13D03A0}.Release|Win32.ActiveCfg = Release|Win32
		{A54CF19B-5594-4A12-8120-1131F13D03A0}.Release|Win32.Build.0 = Release|Win32
		{A54CF19B-5594-4A12-8120-1131F13D03A0}.ServerDLL|Win32.ActiveCfg = Release|Win32
		{A54CF19B-5594-4A12-8120-1131F13D03A0}.ServerDLL|Win32.Build.0 = Release|Win32
		{434D2E0D-756D-4089-BD60-7524E4539924}.ClientDLL|Win32.ActiveCfg = Release|Win32
		{434D2E0D-756D-4089-BD60-7524E4539924}.ClientDLL|Win32.Build.0 = Release|Win32
		{434D2E0D-756D-4089-BD60-7524E4539924}.Debug|Win32.ActiveCfg = Debug|Win32
		{434D2E0D-756D-4089-BD60-7524E4539924}.Debug|Win32.Build.0 = Debug|Win32
		{434D2E0D-756D-4089-BD60-7524E4539924}.Release|Win32.ActiveCfg = Release|Win32
		{434D2E0D-756D-4089-BD60-7524E4539924}.Release|Win32.Build.0 = Release|Win32
		{434D2E0D-756D-4089-BD60-7524E4539924}.ServerDLL|Win32.ActiveCfg = Release|Win32
		{434D2E0D-756D-4089-BD60-7524E4539924}.ServerDLL|Win32.Build.0 = Release|Win32
	EndGlobalSection
	GlobalSection(SolutionProperties) = preSolution
		HideSolutionNode = FALSE
	EndGlobalSection
EndGlobal
