<?xml version="1.0" encoding="utf-8"?>
<Project ToolsVersion="4.0" xmlns="http://schemas.microsoft.com/developer/msbuild/2003">
  <ItemGroup>
    <Filter Include="Source Files">
      <UniqueIdentifier>{6c93271d-6fd5-4ecf-96d6-b19ab5f1cc12}</UniqueIdentifier>
      <Extensions>cpp;c;cxx;rc;def;r;odl;idl;hpj;bat</Extensions>
    </Filter>
    <Filter Include="Header Files">
      <UniqueIdentifier>{606f8985-e4c6-48d7-9f7e-8432e3d21b56}</UniqueIdentifier>
      <Extensions>h;hpp;hxx;hm;inl</Extensions>
    </Filter>
  </ItemGroup>
  <ItemGroup>
    <ClCompile Include="demoportal1.cpp">
      <Filter>Source Files</Filter>
    </ClCompile>
    <ClCompile Include="demoportal2.cpp">
      <Filter>Source Files</Filter>
    </ClCompile>
    <ClCompile Include="demoportal3.cpp">
      <Filter>Source Files</Filter>
    </ClCompile>
    <ClCompile Include="demoportal4.cpp">
      <Filter>Source Files</Filter>
    </ClCompile>
    <ClCompile Include="demoportal5.cpp">
      <Filter>Source Files</Filter>
    </ClCompile>
    <ClCompile Include="demoportal6.cpp">
      <Filter>Source Files</Filter>
    </ClCompile>
    <ClCompile Include="emptydungeonportal.cpp">
      <Filter>Source Files</Filter>
    </ClCompile>
    <ClCompile Include="gmassistant.cpp">
      <Filter>Source Files</Filter>
    </ClCompile>
    <ClCompile Include="healingplant.cpp">
      <Filter>Source Files</Filter>
    </ClCompile>
    <ClCompile Include="healingwell.cpp">
      <Filter>Source Files</Filter>
    </ClCompile>
    <ClCompile Include="islandmadnessportal.cpp">
      <Filter>Source Files</Filter>
    </ClCompile>
    <ClCompile Include="IslandPortal1.cpp">
      <Filter>Source Files</Filter>
    </ClCompile>
    <ClCompile Include="IslandPortal10.cpp">
      <Filter>Source Files</Filter>
    </ClCompile>
    <ClCompile Include="IslandPortal11.cpp">
      <Filter>Source Files</Filter>
    </ClCompile>
    <ClCompile Include="IslandPortal12.cpp">
      <Filter>Source Files</Filter>
    </ClCompile>
    <ClCompile Include="IslandPortal13.cpp">
      <Filter>Source Files</Filter>
    </ClCompile>
    <ClCompile Include="IslandPortal14.cpp">
      <Filter>Source Files</Filter>
    </ClCompile>
    <ClCompile Include="IslandPortal15.cpp">
      <Filter>Source Files</Filter>
    </ClCompile>
    <ClCompile Include="IslandPortal16.cpp">
      <Filter>Source Files</Filter>
    </ClCompile>
    <ClCompile Include="IslandPortal17.cpp">
      <Filter>Source Files</Filter>
    </ClCompile>
    <ClCompile Include="IslandPortal18.cpp">
      <Filter>Source Files</Filter>
    </ClCompile>
    <ClCompile Include="IslandPortal19.cpp">
      <Filter>Source Files</Filter>
    </ClCompile>
    <ClCompile Include="IslandPortal2.cpp">
      <Filter>Source Files</Filter>
    </ClCompile>
    <ClCompile Include="IslandPortal20.cpp">
      <Filter>Source Files</Filter>
    </ClCompile>
    <ClCompile Include="IslandPortal21.cpp">
      <Filter>Source Files</Filter>
    </ClCompile>
    <ClCompile Include="IslandPortal22.cpp">
      <Filter>Source Files</Filter>
    </ClCompile>
    <ClCompile Include="IslandPortal23.cpp">
      <Filter>Source Files</Filter>
    </ClCompile>
    <ClCompile Include="IslandPortal24.cpp">
      <Filter>Source Files</Filter>
    </ClCompile>
    <ClCompile Include="IslandPortal25.cpp">
      <Filter>Source Files</Filter>
    </ClCompile>
    <ClCompile Include="IslandPortal26.cpp">
      <Filter>Source Files</Filter>
    </ClCompile>
    <ClCompile Include="IslandPortal27.cpp">
      <Filter>Source Files</Filter>
    </ClCompile>
    <ClCompile Include="IslandPortal28.cpp">
      <Filter>Source Files</Filter>
    </ClCompile>
    <ClCompile Include="IslandPortal29.cpp">
      <Filter>Source Files</Filter>
    </ClCompile>
    <ClCompile Include="IslandPortal3.cpp">
      <Filter>Source Files</Filter>
    </ClCompile>
    <ClCompile Include="IslandPortal30.cpp">
      <Filter>Source Files</Filter>
    </ClCompile>
    <ClCompile Include="IslandPortal31.cpp">
      <Filter>Source Files</Filter>
    </ClCompile>
    <ClCompile Include="IslandPortal32.cpp">
      <Filter>Source Files</Filter>
    </ClCompile>
    <ClCompile Include="IslandPortal33.cpp">
      <Filter>Source Files</Filter>
    </ClCompile>
    <ClCompile Include="IslandPortal34.cpp">
      <Filter>Source Files</Filter>
    </ClCompile>
    <ClCompile Include="IslandPortal35.cpp">
      <Filter>Source Files</Filter>
    </ClCompile>
    <ClCompile Include="IslandPortal4.cpp">
      <Filter>Source Files</Filter>
    </ClCompile>
    <ClCompile Include="IslandPortal5.cpp">
      <Filter>Source Files</Filter>
    </ClCompile>
    <ClCompile Include="IslandPortal6.cpp">
      <Filter>Source Files</Filter>
    </ClCompile>
    <ClCompile Include="IslandPortal7.cpp">
      <Filter>Source Files</Filter>
    </ClCompile>
    <ClCompile Include="IslandPortal8.cpp">
      <Filter>Source Files</Filter>
    </ClCompile>
    <ClCompile Include="IslandPortal9.cpp">
      <Filter>Source Files</Filter>
    </ClCompile>
    <ClCompile Include="isolatedislandportal.cpp">
      <Filter>Source Files</Filter>
    </ClCompile>
    <ClCompile Include="lighthavenarenaclerk.cpp">
      <Filter>Source Files</Filter>
    </ClCompile>
    <ClCompile Include="lighthavenportal.cpp">
      <Filter>Source Files</Filter>
    </ClCompile>
    <ClCompile Include="monsterstatsetup.cpp">
      <Filter>Source Files</Filter>
    </ClCompile>
    <ClCompile Include="Npc.cpp">
      <Filter>Source Files</Filter>
    </ClCompile>
    <ClCompile Include="npcforestguardian.cpp">
      <Filter>Source Files</Filter>
    </ClCompile>
    <ClCompile Include="npcrat.cpp">
      <Filter>Source Files</Filter>
    </ClCompile>
    <ClCompile Include="npctombraider.cpp">
      <Filter>Source Files</Filter>
    </ClCompile>
    <ClCompile Include="PortalA.cpp">
      <Filter>Source Files</Filter>
    </ClCompile>
    <ClCompile Include="PortalB.cpp">
      <Filter>Source Files</Filter>
    </ClCompile>
    <ClCompile Include="PortalC.cpp">
      <Filter>Source Files</Filter>
    </ClCompile>
    <ClCompile Include="PortalD.cpp">
      <Filter>Source Files</Filter>
    </ClCompile>
    <ClCompile Include="PortalE.cpp">
      <Filter>Source Files</Filter>
    </ClCompile>
    <ClCompile Include="PortalF.cpp">
      <Filter>Source Files</Filter>
    </ClCompile>
    <ClCompile Include="PortalG.cpp">
      <Filter>Source Files</Filter>
    </ClCompile>
    <ClCompile Include="PortalH.cpp">
      <Filter>Source Files</Filter>
    </ClCompile>
    <ClCompile Include="PortalI.cpp">
      <Filter>Source Files</Filter>
    </ClCompile>
    <ClCompile Include="PortalJ.cpp">
      <Filter>Source Files</Filter>
    </ClCompile>
    <ClCompile Include="PortalK.cpp">
      <Filter>Source Files</Filter>
    </ClCompile>
    <ClCompile Include="PortalL.cpp">
      <Filter>Source Files</Filter>
    </ClCompile>
    <ClCompile Include="PortalM.cpp">
      <Filter>Source Files</Filter>
    </ClCompile>
    <ClCompile Include="PortalN.cpp">
      <Filter>Source Files</Filter>
    </ClCompile>
    <ClCompile Include="PortalO.cpp">
      <Filter>Source Files</Filter>
    </ClCompile>
    <ClCompile Include="PortalP.cpp">
      <Filter>Source Files</Filter>
    </ClCompile>
    <ClCompile Include="PortalQ.cpp">
      <Filter>Source Files</Filter>
    </ClCompile>
    <ClCompile Include="PortalR.cpp">
      <Filter>Source Files</Filter>
    </ClCompile>
    <ClCompile Include="PortalS.cpp">
      <Filter>Source Files</Filter>
    </ClCompile>
    <ClCompile Include="PortalT.cpp">
      <Filter>Source Files</Filter>
    </ClCompile>
    <ClCompile Include="PortalU.cpp">
      <Filter>Source Files</Filter>
    </ClCompile>
    <ClCompile Include="PortalV.cpp">
      <Filter>Source Files</Filter>
    </ClCompile>
    <ClCompile Include="PortalW.cpp">
      <Filter>Source Files</Filter>
    </ClCompile>
    <ClCompile Include="PortalX.cpp">
      <Filter>Source Files</Filter>
    </ClCompile>
    <ClCompile Include="PortalY.cpp">
      <Filter>Source Files</Filter>
    </ClCompile>
    <ClCompile Include="PortalZ.cpp">
      <Filter>Source Files</Filter>
    </ClCompile>
    <ClCompile Include="sabrina.cpp">
      <Filter>Source Files</Filter>
    </ClCompile>
    <ClCompile Include="sanctuaryportal.cpp">
      <Filter>Source Files</Filter>
    </ClCompile>
    <ClCompile Include="scatteredbonesportal.cpp">
      <Filter>Source Files</Filter>
    </ClCompile>
    <ClCompile Include="silverskyportal.cpp">
      <Filter>Source Files</Filter>
    </ClCompile>
    <ClCompile Include="staticdungeonportal1.cpp">
      <Filter>Source Files</Filter>
    </ClCompile>
    <ClCompile Include="staticdungeonportal2.cpp">
      <Filter>Source Files</Filter>
    </ClCompile>
    <ClCompile Include="windhowlportal.cpp">
      <Filter>Source Files</Filter>
    </ClCompile>
  </ItemGroup>
  <ItemGroup>
    <ClInclude Include="DemoPortal1.h">
      <Filter>Header Files</Filter>
    </ClInclude>
    <ClInclude Include="DemoPortal2.h">
      <Filter>Header Files</Filter>
    </ClInclude>
    <ClInclude Include="DemoPortal3.h">
      <Filter>Header Files</Filter>
    </ClInclude>
    <ClInclude Include="DemoPortal4.h">
      <Filter>Header Files</Filter>
    </ClInclude>
    <ClInclude Include="DemoPortal5.h">
      <Filter>Header Files</Filter>
    </ClInclude>
    <ClInclude Include="DemoPortal6.h">
      <Filter>Header Files</Filter>
    </ClInclude>
    <ClInclude Include="EmptyDungeonPortal.h">
      <Filter>Header Files</Filter>
    </ClInclude>
    <ClInclude Include="GMassistant.h">
      <Filter>Header Files</Filter>
    </ClInclude>
    <ClInclude Include="HealingPlant.h">
      <Filter>Header Files</Filter>
    </ClInclude>
    <ClInclude Include="HealingWell.h">
      <Filter>Header Files</Filter>
    </ClInclude>
    <ClInclude Include="IslandMadnessPortal.h">
      <Filter>Header Files</Filter>
    </ClInclude>
    <ClInclude Include="IslandPortal1.h">
      <Filter>Header Files</Filter>
    </ClInclude>
    <ClInclude Include="IslandPortal10.h">
      <Filter>Header Files</Filter>
    </ClInclude>
    <ClInclude Include="IslandPortal11.h">
      <Filter>Header Files</Filter>
    </ClInclude>
    <ClInclude Include="IslandPortal12.h">
      <Filter>Header Files</Filter>
    </ClInclude>
    <ClInclude Include="IslandPortal13.h">
      <Filter>Header Files</Filter>
    </ClInclude>
    <ClInclude Include="IslandPortal14.h">
      <Filter>Header Files</Filter>
    </ClInclude>
    <ClInclude Include="IslandPortal15.h">
      <Filter>Header Files</Filter>
    </ClInclude>
    <ClInclude Include="IslandPortal16.h">
      <Filter>Header Files</Filter>
    </ClInclude>
    <ClInclude Include="IslandPortal17.h">
      <Filter>Header Files</Filter>
    </ClInclude>
    <ClInclude Include="IslandPortal18.h">
      <Filter>Header Files</Filter>
    </ClInclude>
    <ClInclude Include="IslandPortal19.h">
      <Filter>Header Files</Filter>
    </ClInclude>
    <ClInclude Include="IslandPortal2.h">
      <Filter>Header Files</Filter>
    </ClInclude>
    <ClInclude Include="IslandPortal20.h">
      <Filter>Header Files</Filter>
    </ClInclude>
    <ClInclude Include="IslandPortal21.h">
      <Filter>Header Files</Filter>
    </ClInclude>
    <ClInclude Include="IslandPortal22.h">
      <Filter>Header Files</Filter>
    </ClInclude>
    <ClInclude Include="IslandPortal23.h">
      <Filter>Header Files</Filter>
    </ClInclude>
    <ClInclude Include="IslandPortal24.h">
      <Filter>Header Files</Filter>
    </ClInclude>
    <ClInclude Include="IslandPortal25.h">
      <Filter>Header Files</Filter>
    </ClInclude>
    <ClInclude Include="IslandPortal26.h">
      <Filter>Header Files</Filter>
    </ClInclude>
    <ClInclude Include="IslandPortal27.h">
      <Filter>Header Files</Filter>
    </ClInclude>
    <ClInclude Include="IslandPortal28.h">
      <Filter>Header Files</Filter>
    </ClInclude>
    <ClInclude Include="IslandPortal29.h">
      <Filter>Header Files</Filter>
    </ClInclude>
    <ClInclude Include="IslandPortal3.h">
      <Filter>Header Files</Filter>
    </ClInclude>
    <ClInclude Include="IslandPortal30.h">
      <Filter>Header Files</Filter>
    </ClInclude>
    <ClInclude Include="IslandPortal31.h">
      <Filter>Header Files</Filter>
    </ClInclude>
    <ClInclude Include="IslandPortal32.h">
      <Filter>Header Files</Filter>
    </ClInclude>
    <ClInclude Include="IslandPortal33.h">
      <Filter>Header Files</Filter>
    </ClInclude>
    <ClInclude Include="IslandPortal34.h">
      <Filter>Header Files</Filter>
    </ClInclude>
    <ClInclude Include="IslandPortal35.h">
      <Filter>Header Files</Filter>
    </ClInclude>
    <ClInclude Include="IslandPortal4.h">
      <Filter>Header Files</Filter>
    </ClInclude>
    <ClInclude Include="IslandPortal5.h">
      <Filter>Header Files</Filter>
    </ClInclude>
    <ClInclude Include="IslandPortal6.h">
      <Filter>Header Files</Filter>
    </ClInclude>
    <ClInclude Include="IslandPortal7.h">
      <Filter>Header Files</Filter>
    </ClInclude>
    <ClInclude Include="IslandPortal8.h">
      <Filter>Header Files</Filter>
    </ClInclude>
    <ClInclude Include="IslandPortal9.h">
      <Filter>Header Files</Filter>
    </ClInclude>
    <ClInclude Include="IsolatedIslandPortal.h">
      <Filter>Header Files</Filter>
    </ClInclude>
    <ClInclude Include="LighthavenArenaClerk.h">
      <Filter>Header Files</Filter>
    </ClInclude>
    <ClInclude Include="LightHavenPortal.h">
      <Filter>Header Files</Filter>
    </ClInclude>
    <ClInclude Include="NPCForestGuardian.h">
      <Filter>Header Files</Filter>
    </ClInclude>
    <ClInclude Include="NPCRat.h">
      <Filter>Header Files</Filter>
    </ClInclude>
    <ClInclude Include="NPCTombRaider.h">
      <Filter>Header Files</Filter>
    </ClInclude>
    <ClInclude Include="PortalA.h">
      <Filter>Header Files</Filter>
    </ClInclude>
    <ClInclude Include="PortalB.h">
      <Filter>Header Files</Filter>
    </ClInclude>
    <ClInclude Include="PortalC.h">
      <Filter>Header Files</Filter>
    </ClInclude>
    <ClInclude Include="PortalD.h">
      <Filter>Header Files</Filter>
    </ClInclude>
    <ClInclude Include="PortalE.h">
      <Filter>Header Files</Filter>
    </ClInclude>
    <ClInclude Include="PortalF.h">
      <Filter>Header Files</Filter>
    </ClInclude>
    <ClInclude Include="PortalG.h">
      <Filter>Header Files</Filter>
    </ClInclude>
    <ClInclude Include="PortalH.h">
      <Filter>Header Files</Filter>
    </ClInclude>
    <ClInclude Include="PortalI.h">
      <Filter>Header Files</Filter>
    </ClInclude>
    <ClInclude Include="PortalJ.h">
      <Filter>Header Files</Filter>
    </ClInclude>
    <ClInclude Include="PortalK.h">
      <Filter>Header Files</Filter>
    </ClInclude>
    <ClInclude Include="PortalL.h">
      <Filter>Header Files</Filter>
    </ClInclude>
    <ClInclude Include="PortalM.h">
      <Filter>Header Files</Filter>
    </ClInclude>
    <ClInclude Include="PortalN.h">
      <Filter>Header Files</Filter>
    </ClInclude>
    <ClInclude Include="PortalO.h">
      <Filter>Header Files</Filter>
    </ClInclude>
    <ClInclude Include="PortalP.h">
      <Filter>Header Files</Filter>
    </ClInclude>
    <ClInclude Include="PortalQ.h">
      <Filter>Header Files</Filter>
    </ClInclude>
    <ClInclude Include="PortalR.h">
      <Filter>Header Files</Filter>
    </ClInclude>
    <ClInclude Include="PortalS.h">
      <Filter>Header Files</Filter>
    </ClInclude>
    <ClInclude Include="PortalT.h">
      <Filter>Header Files</Filter>
    </ClInclude>
    <ClInclude Include="PortalU.h">
      <Filter>Header Files</Filter>
    </ClInclude>
    <ClInclude Include="PortalV.h">
      <Filter>Header Files</Filter>
    </ClInclude>
    <ClInclude Include="PortalW.h">
      <Filter>Header Files</Filter>
    </ClInclude>
    <ClInclude Include="PortalX.h">
      <Filter>Header Files</Filter>
    </ClInclude>
    <ClInclude Include="PortalY.h">
      <Filter>Header Files</Filter>
    </ClInclude>
    <ClInclude Include="PortalZ.h">
      <Filter>Header Files</Filter>
    </ClInclude>
    <ClInclude Include="Sabrina.h">
      <Filter>Header Files</Filter>
    </ClInclude>
    <ClInclude Include="SanctuaryPortal.h">
      <Filter>Header Files</Filter>
    </ClInclude>
    <ClInclude Include="ScatteredBonesPortal.h">
      <Filter>Header Files</Filter>
    </ClInclude>
    <ClInclude Include="SilverSkyPortal.h">
      <Filter>Header Files</Filter>
    </ClInclude>
    <ClInclude Include="StaticDungeonPortal1.h">
      <Filter>Header Files</Filter>
    </ClInclude>
    <ClInclude Include="StaticDungeonPortal2.h">
      <Filter>Header Files</Filter>
    </ClInclude>
    <ClInclude Include="WindHowlPortal.h">
      <Filter>Header Files</Filter>
    </ClInclude>
  </ItemGroup>
</Project>