<?xml version="1.0" encoding="utf-8"?>
<Project ToolsVersion="4.0" xmlns="http://schemas.microsoft.com/developer/msbuild/2003">
  <ItemGroup>
    <Filter Include="Source Files">
      <UniqueIdentifier>{517f159b-891e-4d27-818a-db3c3eaf9bad}</UniqueIdentifier>
      <Extensions>cpp;c;cxx;rc;def;r;odl;idl;hpj;bat</Extensions>
    </Filter>
    <Filter Include="Header Files">
      <UniqueIdentifier>{ac7cc8fe-3dff-4586-8f36-569bbe28daff}</UniqueIdentifier>
      <Extensions>h;hpp;hxx;hm;inl</Extensions>
    </Filter>
  </ItemGroup>
  <ItemGroup>
    <ClCompile Include="Archibald.cpp">
      <Filter>Source Files</Filter>
    </ClCompile>
    <ClCompile Include="ArenaMob100.cpp">
      <Filter>Source Files</Filter>
    </ClCompile>
    <ClCompile Include="ArenaMob110.cpp">
      <Filter>Source Files</Filter>
    </ClCompile>
    <ClCompile Include="ArenaMob120.cpp">
      <Filter>Source Files</Filter>
    </ClCompile>
    <ClCompile Include="ArenaMob130.cpp">
      <Filter>Source Files</Filter>
    </ClCompile>
    <ClCompile Include="ArenaMob140.cpp">
      <Filter>Source Files</Filter>
    </ClCompile>
    <ClCompile Include="ArenaMob150.cpp">
      <Filter>Source Files</Filter>
    </ClCompile>
    <ClCompile Include="ArenaMob160.cpp">
      <Filter>Source Files</Filter>
    </ClCompile>
    <ClCompile Include="ArenaMob170.cpp">
      <Filter>Source Files</Filter>
    </ClCompile>
    <ClCompile Include="ArenaMob180.cpp">
      <Filter>Source Files</Filter>
    </ClCompile>
    <ClCompile Include="ArenaMob190.cpp">
      <Filter>Source Files</Filter>
    </ClCompile>
    <ClCompile Include="ArenaMob200.cpp">
      <Filter>Source Files</Filter>
    </ClCompile>
    <ClCompile Include="ArenaMob225.cpp">
      <Filter>Source Files</Filter>
    </ClCompile>
    <ClCompile Include="ArenaMob250.cpp">
      <Filter>Source Files</Filter>
    </ClCompile>
    <ClCompile Include="ArenaMob275.cpp">
      <Filter>Source Files</Filter>
    </ClCompile>
    <ClCompile Include="ArenaMob300.cpp">
      <Filter>Source Files</Filter>
    </ClCompile>
    <ClCompile Include="ArenaMob325.cpp">
      <Filter>Source Files</Filter>
    </ClCompile>
    <ClCompile Include="ArenaMob350.cpp">
      <Filter>Source Files</Filter>
    </ClCompile>
    <ClCompile Include="ArenaMob375.cpp">
      <Filter>Source Files</Filter>
    </ClCompile>
    <ClCompile Include="ArenaMob40.cpp">
      <Filter>Source Files</Filter>
    </ClCompile>
    <ClCompile Include="ArenaMob400.cpp">
      <Filter>Source Files</Filter>
    </ClCompile>
    <ClCompile Include="ArenaMob425.cpp">
      <Filter>Source Files</Filter>
    </ClCompile>
    <ClCompile Include="ArenaMob450.cpp">
      <Filter>Source Files</Filter>
    </ClCompile>
    <ClCompile Include="ArenaMob475.cpp">
      <Filter>Source Files</Filter>
    </ClCompile>
    <ClCompile Include="ArenaMob50.cpp">
      <Filter>Source Files</Filter>
    </ClCompile>
    <ClCompile Include="ArenaMob500.cpp">
      <Filter>Source Files</Filter>
    </ClCompile>
    <ClCompile Include="ArenaMob60.cpp">
      <Filter>Source Files</Filter>
    </ClCompile>
    <ClCompile Include="ArenaMob70.cpp">
      <Filter>Source Files</Filter>
    </ClCompile>
    <ClCompile Include="ArenaMob80.cpp">
      <Filter>Source Files</Filter>
    </ClCompile>
    <ClCompile Include="ArenaMob90.cpp">
      <Filter>Source Files</Filter>
    </ClCompile>
    <ClCompile Include="ArenaMobXP100.cpp">
      <Filter>Source Files</Filter>
    </ClCompile>
    <ClCompile Include="ArenaMobXP110.cpp">
      <Filter>Source Files</Filter>
    </ClCompile>
    <ClCompile Include="ArenaMobXP120.cpp">
      <Filter>Source Files</Filter>
    </ClCompile>
    <ClCompile Include="ArenaMobXP130.cpp">
      <Filter>Source Files</Filter>
    </ClCompile>
    <ClCompile Include="ArenaMobXP140.cpp">
      <Filter>Source Files</Filter>
    </ClCompile>
    <ClCompile Include="ArenaMobXP150.cpp">
      <Filter>Source Files</Filter>
    </ClCompile>
    <ClCompile Include="ArenaMobXP160.cpp">
      <Filter>Source Files</Filter>
    </ClCompile>
    <ClCompile Include="ArenaMobXP170.cpp">
      <Filter>Source Files</Filter>
    </ClCompile>
    <ClCompile Include="ArenaMobXP180.cpp">
      <Filter>Source Files</Filter>
    </ClCompile>
    <ClCompile Include="ArenaMobXP190.cpp">
      <Filter>Source Files</Filter>
    </ClCompile>
    <ClCompile Include="ArenaMobXP200.cpp">
      <Filter>Source Files</Filter>
    </ClCompile>
    <ClCompile Include="ArenaMobXP225.cpp">
      <Filter>Source Files</Filter>
    </ClCompile>
    <ClCompile Include="ArenaMobXP250.cpp">
      <Filter>Source Files</Filter>
    </ClCompile>
    <ClCompile Include="ArenaMobXP275.cpp">
      <Filter>Source Files</Filter>
    </ClCompile>
    <ClCompile Include="ArenaMobXP300.cpp">
      <Filter>Source Files</Filter>
    </ClCompile>
    <ClCompile Include="ArenaMobXP325.cpp">
      <Filter>Source Files</Filter>
    </ClCompile>
    <ClCompile Include="ArenaMobXP350.cpp">
      <Filter>Source Files</Filter>
    </ClCompile>
    <ClCompile Include="ArenaMobXP375.cpp">
      <Filter>Source Files</Filter>
    </ClCompile>
    <ClCompile Include="ArenaMobXP40.cpp">
      <Filter>Source Files</Filter>
    </ClCompile>
    <ClCompile Include="ArenaMobXP400.cpp">
      <Filter>Source Files</Filter>
    </ClCompile>
    <ClCompile Include="ArenaMobXP425.cpp">
      <Filter>Source Files</Filter>
    </ClCompile>
    <ClCompile Include="ArenaMobXP450.cpp">
      <Filter>Source Files</Filter>
    </ClCompile>
    <ClCompile Include="ArenaMobXP475.cpp">
      <Filter>Source Files</Filter>
    </ClCompile>
    <ClCompile Include="ArenaMobXP50.cpp">
      <Filter>Source Files</Filter>
    </ClCompile>
    <ClCompile Include="ArenaMobXP500.cpp">
      <Filter>Source Files</Filter>
    </ClCompile>
    <ClCompile Include="ArenaMobXP60.cpp">
      <Filter>Source Files</Filter>
    </ClCompile>
    <ClCompile Include="ArenaMobXP70.cpp">
      <Filter>Source Files</Filter>
    </ClCompile>
    <ClCompile Include="ArenaMobXP80.cpp">
      <Filter>Source Files</Filter>
    </ClCompile>
    <ClCompile Include="ArenaMobXP90.cpp">
      <Filter>Source Files</Filter>
    </ClCompile>
    <ClCompile Include="ColosseumClerk.cpp">
      <Filter>Source Files</Filter>
    </ClCompile>
    <ClCompile Include="ColosseumClerkXP.cpp">
      <Filter>Source Files</Filter>
    </ClCompile>
    <ClCompile Include="ColosseumOwner.cpp">
      <Filter>Source Files</Filter>
    </ClCompile>
    <ClCompile Include="DoktorSpine.cpp">
      <Filter>Source Files</Filter>
    </ClCompile>
    <ClCompile Include="DrVonPyre.cpp">
      <Filter>Source Files</Filter>
    </ClCompile>
    <ClCompile Include="ExitGate.cpp">
      <Filter>Source Files</Filter>
    </ClCompile>
    <ClCompile Include="ForestWanderer.cpp">
      <Filter>Source Files</Filter>
    </ClCompile>
    <ClCompile Include="MadDoorEntrance.cpp">
      <Filter>Source Files</Filter>
    </ClCompile>
    <ClCompile Include="MadDoorExit.cpp">
      <Filter>Source Files</Filter>
    </ClCompile>
    <ClCompile Include="MadMadrigan.cpp">
      <Filter>Source Files</Filter>
    </ClCompile>
    <ClCompile Include="MakrshPortal.cpp">
      <Filter>Source Files</Filter>
    </ClCompile>
    <ClCompile Include="MakrshPortal2.cpp">
      <Filter>Source Files</Filter>
    </ClCompile>
    <ClCompile Include="MakrshPortal3.cpp">
      <Filter>Source Files</Filter>
    </ClCompile>
    <ClCompile Include="MakrshPortal4.cpp">
      <Filter>Source Files</Filter>
    </ClCompile>
    <ClCompile Include="MakrshPortal5.cpp">
      <Filter>Source Files</Filter>
    </ClCompile>
    <ClCompile Include="MakrshPtangh.cpp">
      <Filter>Source Files</Filter>
    </ClCompile>
    <ClCompile Include="MakrshPtangh2.cpp">
      <Filter>Source Files</Filter>
    </ClCompile>
    <ClCompile Include="MakrshPtanghSpawner.cpp">
      <Filter>Source Files</Filter>
    </ClCompile>
    <ClCompile Include="MOBCrazedNurse.cpp">
      <Filter>Source Files</Filter>
    </ClCompile>
    <ClCompile Include="MOBDerangedOrderly.cpp">
      <Filter>Source Files</Filter>
    </ClCompile>
    <ClCompile Include="MOBLoon.cpp">
      <Filter>Source Files</Filter>
    </ClCompile>
    <ClCompile Include="MOBMadMan.cpp">
      <Filter>Source Files</Filter>
    </ClCompile>
    <ClCompile Include="MOBMadPatient.cpp">
      <Filter>Source Files</Filter>
    </ClCompile>
    <ClCompile Include="MOBRavingLunatic.cpp">
      <Filter>Source Files</Filter>
    </ClCompile>
    <ClCompile Include="MOBRunawayPatient.cpp">
      <Filter>Source Files</Filter>
    </ClCompile>
    <ClCompile Include="MonsterStatSetup.cpp">
      <Filter>Source Files</Filter>
    </ClCompile>
    <ClCompile Include="NPC.CPP">
      <Filter>Source Files</Filter>
    </ClCompile>
    <ClCompile Include="PortalA2.cpp">
      <Filter>Source Files</Filter>
    </ClCompile>
    <ClCompile Include="PortalB4.cpp">
      <Filter>Source Files</Filter>
    </ClCompile>
    <ClCompile Include="PortalC1.cpp">
      <Filter>Source Files</Filter>
    </ClCompile>
    <ClCompile Include="PortalC5.cpp">
      <Filter>Source Files</Filter>
    </ClCompile>
    <ClCompile Include="PortalH3.cpp">
      <Filter>Source Files</Filter>
    </ClCompile>
    <ClCompile Include="PortalJ1.cpp">
      <Filter>Source Files</Filter>
    </ClCompile>
    <ClCompile Include="PortalJ3.cpp">
      <Filter>Source Files</Filter>
    </ClCompile>
    <ClCompile Include="PortalJ4.cpp">
      <Filter>Source Files</Filter>
    </ClCompile>
    <ClCompile Include="WardenVortimer.cpp">
      <Filter>Source Files</Filter>
    </ClCompile>
  </ItemGroup>
  <ItemGroup>
    <ClInclude Include="Archibald.h">
      <Filter>Header Files</Filter>
    </ClInclude>
    <ClInclude Include="ArenaMob100.h">
      <Filter>Header Files</Filter>
    </ClInclude>
    <ClInclude Include="ArenaMob110.h">
      <Filter>Header Files</Filter>
    </ClInclude>
    <ClInclude Include="ArenaMob120.h">
      <Filter>Header Files</Filter>
    </ClInclude>
    <ClInclude Include="ArenaMob130.h">
      <Filter>Header Files</Filter>
    </ClInclude>
    <ClInclude Include="ArenaMob140.h">
      <Filter>Header Files</Filter>
    </ClInclude>
    <ClInclude Include="ArenaMob150.h">
      <Filter>Header Files</Filter>
    </ClInclude>
    <ClInclude Include="ArenaMob160.h">
      <Filter>Header Files</Filter>
    </ClInclude>
    <ClInclude Include="ArenaMob170.h">
      <Filter>Header Files</Filter>
    </ClInclude>
    <ClInclude Include="ArenaMob180.h">
      <Filter>Header Files</Filter>
    </ClInclude>
    <ClInclude Include="ArenaMob190.h">
      <Filter>Header Files</Filter>
    </ClInclude>
    <ClInclude Include="ArenaMob200.h">
      <Filter>Header Files</Filter>
    </ClInclude>
    <ClInclude Include="ArenaMob225.h">
      <Filter>Header Files</Filter>
    </ClInclude>
    <ClInclude Include="ArenaMob250.h">
      <Filter>Header Files</Filter>
    </ClInclude>
    <ClInclude Include="ArenaMob275.h">
      <Filter>Header Files</Filter>
    </ClInclude>
    <ClInclude Include="ArenaMob300.h">
      <Filter>Header Files</Filter>
    </ClInclude>
    <ClInclude Include="ArenaMob325.h">
      <Filter>Header Files</Filter>
    </ClInclude>
    <ClInclude Include="ArenaMob350.h">
      <Filter>Header Files</Filter>
    </ClInclude>
    <ClInclude Include="ArenaMob375.h">
      <Filter>Header Files</Filter>
    </ClInclude>
    <ClInclude Include="ArenaMob40.h">
      <Filter>Header Files</Filter>
    </ClInclude>
    <ClInclude Include="ArenaMob400.h">
      <Filter>Header Files</Filter>
    </ClInclude>
    <ClInclude Include="ArenaMob425.h">
      <Filter>Header Files</Filter>
    </ClInclude>
    <ClInclude Include="ArenaMob450.h">
      <Filter>Header Files</Filter>
    </ClInclude>
    <ClInclude Include="ArenaMob475.h">
      <Filter>Header Files</Filter>
    </ClInclude>
    <ClInclude Include="ArenaMob50.h">
      <Filter>Header Files</Filter>
    </ClInclude>
    <ClInclude Include="ArenaMob500.h">
      <Filter>Header Files</Filter>
    </ClInclude>
    <ClInclude Include="ArenaMob60.h">
      <Filter>Header Files</Filter>
    </ClInclude>
    <ClInclude Include="ArenaMob70.h">
      <Filter>Header Files</Filter>
    </ClInclude>
    <ClInclude Include="ArenaMob80.h">
      <Filter>Header Files</Filter>
    </ClInclude>
    <ClInclude Include="ArenaMob90.h">
      <Filter>Header Files</Filter>
    </ClInclude>
    <ClInclude Include="ArenaMobXP100.h">
      <Filter>Header Files</Filter>
    </ClInclude>
    <ClInclude Include="ArenaMobXP110.h">
      <Filter>Header Files</Filter>
    </ClInclude>
    <ClInclude Include="ArenaMobXP120.h">
      <Filter>Header Files</Filter>
    </ClInclude>
    <ClInclude Include="ArenaMobXP130.h">
      <Filter>Header Files</Filter>
    </ClInclude>
    <ClInclude Include="ArenaMobXP140.h">
      <Filter>Header Files</Filter>
    </ClInclude>
    <ClInclude Include="ArenaMobXP150.h">
      <Filter>Header Files</Filter>
    </ClInclude>
    <ClInclude Include="ArenaMobXP160.h">
      <Filter>Header Files</Filter>
    </ClInclude>
    <ClInclude Include="ArenaMobXP170.h">
      <Filter>Header Files</Filter>
    </ClInclude>
    <ClInclude Include="ArenaMobXP180.h">
      <Filter>Header Files</Filter>
    </ClInclude>
    <ClInclude Include="ArenaMobXP190.h">
      <Filter>Header Files</Filter>
    </ClInclude>
    <ClInclude Include="ArenaMobXP200.h">
      <Filter>Header Files</Filter>
    </ClInclude>
    <ClInclude Include="ArenaMobXP225.h">
      <Filter>Header Files</Filter>
    </ClInclude>
    <ClInclude Include="ArenaMobXP250.h">
      <Filter>Header Files</Filter>
    </ClInclude>
    <ClInclude Include="ArenaMobXP275.h">
      <Filter>Header Files</Filter>
    </ClInclude>
    <ClInclude Include="ArenaMobXP300.h">
      <Filter>Header Files</Filter>
    </ClInclude>
    <ClInclude Include="ArenaMobXP325.h">
      <Filter>Header Files</Filter>
    </ClInclude>
    <ClInclude Include="ArenaMobXP350.h">
      <Filter>Header Files</Filter>
    </ClInclude>
    <ClInclude Include="ArenaMobXP375.h">
      <Filter>Header Files</Filter>
    </ClInclude>
    <ClInclude Include="ArenaMobXP40.h">
      <Filter>Header Files</Filter>
    </ClInclude>
    <ClInclude Include="ArenaMobXP400.h">
      <Filter>Header Files</Filter>
    </ClInclude>
    <ClInclude Include="ArenaMobXP425.h">
      <Filter>Header Files</Filter>
    </ClInclude>
    <ClInclude Include="ArenaMobXP450.h">
      <Filter>Header Files</Filter>
    </ClInclude>
    <ClInclude Include="ArenaMobXP475.h">
      <Filter>Header Files</Filter>
    </ClInclude>
    <ClInclude Include="ArenaMobXP50.h">
      <Filter>Header Files</Filter>
    </ClInclude>
    <ClInclude Include="ArenaMobXP500.h">
      <Filter>Header Files</Filter>
    </ClInclude>
    <ClInclude Include="ArenaMobXP60.h">
      <Filter>Header Files</Filter>
    </ClInclude>
    <ClInclude Include="ArenaMobXP70.h">
      <Filter>Header Files</Filter>
    </ClInclude>
    <ClInclude Include="ArenaMobXP80.h">
      <Filter>Header Files</Filter>
    </ClInclude>
    <ClInclude Include="ArenaMobXP90.h">
      <Filter>Header Files</Filter>
    </ClInclude>
    <ClInclude Include="ColosseumClerk.h">
      <Filter>Header Files</Filter>
    </ClInclude>
    <ClInclude Include="ColosseumClerkXP.h">
      <Filter>Header Files</Filter>
    </ClInclude>
    <ClInclude Include="ColosseumOwner.h">
      <Filter>Header Files</Filter>
    </ClInclude>
    <ClInclude Include="DoktorSpine.h">
      <Filter>Header Files</Filter>
    </ClInclude>
    <ClInclude Include="DrVonPyre.h">
      <Filter>Header Files</Filter>
    </ClInclude>
    <ClInclude Include="ExitGate.h">
      <Filter>Header Files</Filter>
    </ClInclude>
    <ClInclude Include="ForestWanderer.h">
      <Filter>Header Files</Filter>
    </ClInclude>
    <ClInclude Include="MadDoorEntrance.h">
      <Filter>Header Files</Filter>
    </ClInclude>
    <ClInclude Include="MadDoorExit.h">
      <Filter>Header Files</Filter>
    </ClInclude>
    <ClInclude Include="MadMadrigan.h">
      <Filter>Header Files</Filter>
    </ClInclude>
    <ClInclude Include="MakrshPortal.h">
      <Filter>Header Files</Filter>
    </ClInclude>
    <ClInclude Include="MakrshPortal2.h">
      <Filter>Header Files</Filter>
    </ClInclude>
    <ClInclude Include="MakrshPortal3.h">
      <Filter>Header Files</Filter>
    </ClInclude>
    <ClInclude Include="MakrshPortal4.h">
      <Filter>Header Files</Filter>
    </ClInclude>
    <ClInclude Include="MakrshPortal5.h">
      <Filter>Header Files</Filter>
    </ClInclude>
    <ClInclude Include="MakrshPtangh.h">
      <Filter>Header Files</Filter>
    </ClInclude>
    <ClInclude Include="MakrshPtangh2.h">
      <Filter>Header Files</Filter>
    </ClInclude>
    <ClInclude Include="MakrshPtanghSpawner.h">
      <Filter>Header Files</Filter>
    </ClInclude>
    <ClInclude Include="MOBCrazedNurse.h">
      <Filter>Header Files</Filter>
    </ClInclude>
    <ClInclude Include="MOBDerangedOrderly.h">
      <Filter>Header Files</Filter>
    </ClInclude>
    <ClInclude Include="MOBLoon.h">
      <Filter>Header Files</Filter>
    </ClInclude>
    <ClInclude Include="MOBMadMan.h">
      <Filter>Header Files</Filter>
    </ClInclude>
    <ClInclude Include="MOBMadPatient.h">
      <Filter>Header Files</Filter>
    </ClInclude>
    <ClInclude Include="MOBRavingLunatic.h">
      <Filter>Header Files</Filter>
    </ClInclude>
    <ClInclude Include="MOBRunawayPatient.h">
      <Filter>Header Files</Filter>
    </ClInclude>
    <ClInclude Include="PortalA2.h">
      <Filter>Header Files</Filter>
    </ClInclude>
    <ClInclude Include="PortalB4.h">
      <Filter>Header Files</Filter>
    </ClInclude>
    <ClInclude Include="PortalC1.h">
      <Filter>Header Files</Filter>
    </ClInclude>
    <ClInclude Include="PortalC5.h">
      <Filter>Header Files</Filter>
    </ClInclude>
    <ClInclude Include="PortalH3.h">
      <Filter>Header Files</Filter>
    </ClInclude>
    <ClInclude Include="PortalJ1.h">
      <Filter>Header Files</Filter>
    </ClInclude>
    <ClInclude Include="PortalJ3.h">
      <Filter>Header Files</Filter>
    </ClInclude>
    <ClInclude Include="PortalJ4.h">
      <Filter>Header Files</Filter>
    </ClInclude>
    <ClInclude Include="WardenVortimer.h">
      <Filter>Header Files</Filter>
    </ClInclude>
  </ItemGroup>
</Project>